
Microsoft Visual Studio Solution File, Format Version 12.00
# Visual Studio Version 16
VisualStudioVersion = 16.0.31515.178
MinimumVisualStudioVersion = 10.0.40219.1
Project("{FAE04EC0-301F-11D3-BF4B-00C04F79EFBC}") = "ModelViewPj", "ModelViewPj\ModelViewPj.csproj", "{6DC456F9-33B6-4AD0-B3F3-835DEE183740}"
EndProject
Global
	GlobalSection(SolutionConfigurationPlatforms) = preSolution
		Debug|Any CPU = Debug|Any CPU
		Release|Any CPU = Release|Any CPU
	EndGlobalSection
	GlobalSection(ProjectConfigurationPlatforms) = postSolution
		{6DC456F9-33B6-4AD0-B3F3-835DEE183740}.Debug|Any CPU.ActiveCfg = Debug|Any CPU
		{6DC456F9-33B6-4AD0-B3F3-835DEE183740}.Debug|Any CPU.Build.0 = Debug|Any CPU
		{6DC456F9-33B6-4AD0-B3F3-835DEE183740}.Release|Any CPU.ActiveCfg = Release|Any CPU
		{6DC456F9-33B6-4AD0-B3F3-835DEE183740}.Release|Any CPU.Build.0 = Release|Any CPU
	EndGlobalSection
	GlobalSection(SolutionProperties) = preSolution
		HideSolutionNode = FALSE
	EndGlobalSection
	GlobalSection(ExtensibilityGlobals) = postSolution
		SolutionGuid = {7F9169FA-3DD6-4CF6-98A1-CEBF3390CB4E}
	EndGlobalSection
EndGlobal
