
Microsoft Visual Studio Solution File, Format Version 12.00
# Visual Studio Version 16
VisualStudioVersion = 16.0.31515.178
MinimumVisualStudioVersion = 10.0.40219.1
Project("{FAE04EC0-301F-11D3-BF4B-00C04F79EFBC}") = "ContosoUniversity", "ContosoUniversity\ContosoUniversity.csproj", "{1047E7B2-5D4D-4AB5-B22C-AD33BE5269FA}"
EndProject
Global
	GlobalSection(SolutionConfigurationPlatforms) = preSolution
		Debug|Any CPU = Debug|Any CPU
		Release|Any CPU = Release|Any CPU
	EndGlobalSection
	GlobalSection(ProjectConfigurationPlatforms) = postSolution
		{1047E7B2-5D4D-4AB5-B22C-AD33BE5269FA}.Debug|Any CPU.ActiveCfg = Debug|Any CPU
		{1047E7B2-5D4D-4AB5-B22C-AD33BE5269FA}.Debug|Any CPU.Build.0 = Debug|Any CPU
		{1047E7B2-5D4D-4AB5-B22C-AD33BE5269FA}.Release|Any CPU.ActiveCfg = Release|Any CPU
		{1047E7B2-5D4D-4AB5-B22C-AD33BE5269FA}.Release|Any CPU.Build.0 = Release|Any CPU
	EndGlobalSection
	GlobalSection(SolutionProperties) = preSolution
		HideSolutionNode = FALSE
	EndGlobalSection
	GlobalSection(ExtensibilityGlobals) = postSolution
		SolutionGuid = {B31FF58B-AD25-499F-AA73-53FA2ACED1F4}
	EndGlobalSection
EndGlobal
