
Microsoft Visual Studio Solution File, Format Version 12.00
# Visual Studio Version 16
VisualStudioVersion = 16.0.31515.178
MinimumVisualStudioVersion = 10.0.40219.1
Project("{FAE04EC0-301F-11D3-BF4B-00C04F79EFBC}") = "AndrewLock_NestedViews", "AndrewLock_NestedViews\AndrewLock_NestedViews.csproj", "{EB98087D-62E0-41AD-82E6-91A71C60CD7F}"
EndProject
Global
	GlobalSection(SolutionConfigurationPlatforms) = preSolution
		Debug|Any CPU = Debug|Any CPU
		Release|Any CPU = Release|Any CPU
	EndGlobalSection
	GlobalSection(ProjectConfigurationPlatforms) = postSolution
		{EB98087D-62E0-41AD-82E6-91A71C60CD7F}.Debug|Any CPU.ActiveCfg = Debug|Any CPU
		{EB98087D-62E0-41AD-82E6-91A71C60CD7F}.Debug|Any CPU.Build.0 = Debug|Any CPU
		{EB98087D-62E0-41AD-82E6-91A71C60CD7F}.Release|Any CPU.ActiveCfg = Release|Any CPU
		{EB98087D-62E0-41AD-82E6-91A71C60CD7F}.Release|Any CPU.Build.0 = Release|Any CPU
	EndGlobalSection
	GlobalSection(SolutionProperties) = preSolution
		HideSolutionNode = FALSE
	EndGlobalSection
	GlobalSection(ExtensibilityGlobals) = postSolution
		SolutionGuid = {358301F8-C9F8-490C-B588-CBB7CC554E53}
	EndGlobalSection
EndGlobal
