
Microsoft Visual Studio Solution File, Format Version 12.00
# Visual Studio Version 16
VisualStudioVersion = 16.0.31515.178
MinimumVisualStudioVersion = 10.0.40219.1
Project("{FAE04EC0-301F-11D3-BF4B-00C04F79EFBC}") = "Andrewlock_ValationRes", "Andrewlock_ValationRes\Andrewlock_ValationRes.csproj", "{B0D20F2B-930F-4F69-9990-5878CB0D25F9}"
EndProject
Global
	GlobalSection(SolutionConfigurationPlatforms) = preSolution
		Debug|Any CPU = Debug|Any CPU
		Release|Any CPU = Release|Any CPU
	EndGlobalSection
	GlobalSection(ProjectConfigurationPlatforms) = postSolution
		{B0D20F2B-930F-4F69-9990-5878CB0D25F9}.Debug|Any CPU.ActiveCfg = Debug|Any CPU
		{B0D20F2B-930F-4F69-9990-5878CB0D25F9}.Debug|Any CPU.Build.0 = Debug|Any CPU
		{B0D20F2B-930F-4F69-9990-5878CB0D25F9}.Release|Any CPU.ActiveCfg = Release|Any CPU
		{B0D20F2B-930F-4F69-9990-5878CB0D25F9}.Release|Any CPU.Build.0 = Release|Any CPU
	EndGlobalSection
	GlobalSection(SolutionProperties) = preSolution
		HideSolutionNode = FALSE
	EndGlobalSection
	GlobalSection(ExtensibilityGlobals) = postSolution
		SolutionGuid = {6F138DDC-599E-49D5-8AFC-A39F35E6460B}
	EndGlobalSection
EndGlobal
