
Microsoft Visual Studio Solution File, Format Version 12.00
# Visual Studio Version 16
VisualStudioVersion = 16.0.31515.178
MinimumVisualStudioVersion = 10.0.40219.1
Project("{FAE04EC0-301F-11D3-BF4B-00C04F79EFBC}") = "DIWebApplication", "DIWebApplication\DIWebApplication.csproj", "{FFB54EDC-F948-4D82-A636-77B88578CE4D}"
EndProject
Global
	GlobalSection(SolutionConfigurationPlatforms) = preSolution
		Debug|Any CPU = Debug|Any CPU
		Release|Any CPU = Release|Any CPU
	EndGlobalSection
	GlobalSection(ProjectConfigurationPlatforms) = postSolution
		{FFB54EDC-F948-4D82-A636-77B88578CE4D}.Debug|Any CPU.ActiveCfg = Debug|Any CPU
		{FFB54EDC-F948-4D82-A636-77B88578CE4D}.Debug|Any CPU.Build.0 = Debug|Any CPU
		{FFB54EDC-F948-4D82-A636-77B88578CE4D}.Release|Any CPU.ActiveCfg = Release|Any CPU
		{FFB54EDC-F948-4D82-A636-77B88578CE4D}.Release|Any CPU.Build.0 = Release|Any CPU
	EndGlobalSection
	GlobalSection(SolutionProperties) = preSolution
		HideSolutionNode = FALSE
	EndGlobalSection
	GlobalSection(ExtensibilityGlobals) = postSolution
		SolutionGuid = {ABBCC361-532D-4517-94BD-7BD31A1C83A8}
	EndGlobalSection
EndGlobal
